
Microsoft Visual Studio Solution File, Format Version 12.00
# Visual Studio Version 17
VisualStudioVersion = 17.5.33530.505
MinimumVisualStudioVersion = 10.0.40219.1
Project("{FAE04EC0-301F-11D3-BF4B-00C04F79EFBC}") = "WindowsFormsApp1", "WindowsFormsApp1.csproj", "{A0AC904F-8CE1-4B12-8D2A-8C32011D6F6B}"
EndProject
Global
	GlobalSection(SolutionConfigurationPlatforms) = preSolution
		Debug|Any CPU = Debug|Any CPU
		Release|Any CPU = Release|Any CPU
	EndGlobalSection
	GlobalSection(ProjectConfigurationPlatforms) = postSolution
		{A0AC904F-8CE1-4B12-8D2A-8C32011D6F6B}.Debug|Any CPU.ActiveCfg = Debug|Any CPU
		{A0AC904F-8CE1-4B12-8D2A-8C32011D6F6B}.Debug|Any CPU.Build.0 = Debug|Any CPU
		{A0AC904F-8CE1-4B12-8D2A-8C32011D6F6B}.Release|Any CPU.ActiveCfg = Release|Any CPU
		{A0AC904F-8CE1-4B12-8D2A-8C32011D6F6B}.Release|Any CPU.Build.0 = Release|Any CPU
	EndGlobalSection
	GlobalSection(SolutionProperties) = preSolution
		HideSolutionNode = FALSE
	EndGlobalSection
	GlobalSection(ExtensibilityGlobals) = postSolution
		SolutionGuid = {54E2018E-CF5F-4292-8EC3-C46C4636ECC3}
	EndGlobalSection
EndGlobal
